
Microsoft Visual Studio Solution File, Format Version 12.00
# Visual Studio Version 17
VisualStudioVersion = 17.4.33205.214
MinimumVisualStudioVersion = 10.0.40219.1
Project("{FAE04EC0-301F-11D3-BF4B-00C04F79EFBC}") = "Grand Work Automatizator", "Grand Work Automatizator.csproj", "{C0E2B138-0B3F-46EC-89ED-EA719B1821AA}"
EndProject
Global
	GlobalSection(SolutionConfigurationPlatforms) = preSolution
		Debug|Any CPU = Debug|Any CPU
		Release|Any CPU = Release|Any CPU
	EndGlobalSection
	GlobalSection(ProjectConfigurationPlatforms) = postSolution
		{C0E2B138-0B3F-46EC-89ED-EA719B1821AA}.Debug|Any CPU.ActiveCfg = Debug|Any CPU
		{C0E2B138-0B3F-46EC-89ED-EA719B1821AA}.Debug|Any CPU.Build.0 = Debug|Any CPU
		{C0E2B138-0B3F-46EC-89ED-EA719B1821AA}.Release|Any CPU.ActiveCfg = Release|Any CPU
		{C0E2B138-0B3F-46EC-89ED-EA719B1821AA}.Release|Any CPU.Build.0 = Release|Any CPU
	EndGlobalSection
	GlobalSection(SolutionProperties) = preSolution
		HideSolutionNode = FALSE
	EndGlobalSection
	GlobalSection(ExtensibilityGlobals) = postSolution
		SolutionGuid = {C8B2C09A-1B1E-494F-AF2E-8FEDEDF1DF81}
	EndGlobalSection
EndGlobal
